
Microsoft Visual Studio Solution File, Format Version 12.00
# Visual Studio Version 17
VisualStudioVersion = 17.5.002.0
MinimumVisualStudioVersion = 10.0.40219.1
Project("{9A19103F-16F7-4668-BE54-9A1E7A4F7556}") = "dividedd by integers", "dividedd by integers.csproj", "{94A52B39-D196-4061-BD9F-E12A69E72E89}"
EndProject
Global
	GlobalSection(SolutionConfigurationPlatforms) = preSolution
		Debug|Any CPU = Debug|Any CPU
		Release|Any CPU = Release|Any CPU
	EndGlobalSection
	GlobalSection(ProjectConfigurationPlatforms) = postSolution
		{94A52B39-D196-4061-BD9F-E12A69E72E89}.Debug|Any CPU.ActiveCfg = Debug|Any CPU
		{94A52B39-D196-4061-BD9F-E12A69E72E89}.Debug|Any CPU.Build.0 = Debug|Any CPU
		{94A52B39-D196-4061-BD9F-E12A69E72E89}.Release|Any CPU.ActiveCfg = Release|Any CPU
		{94A52B39-D196-4061-BD9F-E12A69E72E89}.Release|Any CPU.Build.0 = Release|Any CPU
	EndGlobalSection
	GlobalSection(SolutionProperties) = preSolution
		HideSolutionNode = FALSE
	EndGlobalSection
	GlobalSection(ExtensibilityGlobals) = postSolution
		SolutionGuid = {7EA4B98D-DD49-4BD7-97F7-DBAC9DF59E86}
	EndGlobalSection
EndGlobal
