
Microsoft Visual Studio Solution File, Format Version 12.00
# Visual Studio Version 17
VisualStudioVersion = 17.5.002.0
MinimumVisualStudioVersion = 10.0.40219.1
Project("{9A19103F-16F7-4668-BE54-9A1E7A4F7556}") = "letCode-Medium Palindrome", "letCode-Medium Palindrome.csproj", "{9E5FC65C-F494-4A21-93DF-FC53E906F301}"
EndProject
Global
	GlobalSection(SolutionConfigurationPlatforms) = preSolution
		Debug|Any CPU = Debug|Any CPU
		Release|Any CPU = Release|Any CPU
	EndGlobalSection
	GlobalSection(ProjectConfigurationPlatforms) = postSolution
		{9E5FC65C-F494-4A21-93DF-FC53E906F301}.Debug|Any CPU.ActiveCfg = Debug|Any CPU
		{9E5FC65C-F494-4A21-93DF-FC53E906F301}.Debug|Any CPU.Build.0 = Debug|Any CPU
		{9E5FC65C-F494-4A21-93DF-FC53E906F301}.Release|Any CPU.ActiveCfg = Release|Any CPU
		{9E5FC65C-F494-4A21-93DF-FC53E906F301}.Release|Any CPU.Build.0 = Release|Any CPU
	EndGlobalSection
	GlobalSection(SolutionProperties) = preSolution
		HideSolutionNode = FALSE
	EndGlobalSection
	GlobalSection(ExtensibilityGlobals) = postSolution
		SolutionGuid = {B6400029-61BD-42E3-B903-CC9BFDCCFD7B}
	EndGlobalSection
EndGlobal
